
Microsoft Visual Studio Solution File, Format Version 12.00
# Visual Studio Version 17
VisualStudioVersion = 17.6.33723.286
MinimumVisualStudioVersion = 10.0.40219.1
Project("{9A19103F-16F7-4668-BE54-9A1E7A4F7556}") = "UrlShortener.API", "Server\UrlShortener.API\UrlShortener.API.csproj", "{45046B07-9D35-4661-B31F-8BA7F46AFCE4}"
EndProject
Project("{9A19103F-16F7-4668-BE54-9A1E7A4F7556}") = "UrlShortener.Repository", "Server\UrlShortener.Repository\UrlShortener.Repository.csproj", "{C75E3EC4-6258-4CA2-9462-FA28B9283B15}"
EndProject
Project("{9A19103F-16F7-4668-BE54-9A1E7A4F7556}") = "UrlShortener.Common", "Server\UrlShortener.Common\UrlShortener.Common.csproj", "{337FF664-2B7C-4689-A5D1-151C665B139A}"
EndProject
Project("{FAE04EC0-301F-11D3-BF4B-00C04F79EFBC}") = "UrlShortener.API.Test", "Tests\UrlShortener.API.Test\UrlShortener.API.Test.csproj", "{3C0E382C-BBFB-4EE8-902A-194938388CCE}"
EndProject
Project("{FAE04EC0-301F-11D3-BF4B-00C04F79EFBC}") = "UrlShortener.Repository.Test", "Tests\UrlShortener.Repository.Test\UrlShortener.Repository.Test.csproj", "{EA2174C4-4126-4AF2-B6A5-FD55D912C81F}"
EndProject
Global
	GlobalSection(SolutionConfigurationPlatforms) = preSolution
		Debug|Any CPU = Debug|Any CPU
		Release|Any CPU = Release|Any CPU
	EndGlobalSection
	GlobalSection(ProjectConfigurationPlatforms) = postSolution
		{45046B07-9D35-4661-B31F-8BA7F46AFCE4}.Debug|Any CPU.ActiveCfg = Debug|Any CPU
		{45046B07-9D35-4661-B31F-8BA7F46AFCE4}.Debug|Any CPU.Build.0 = Debug|Any CPU
		{45046B07-9D35-4661-B31F-8BA7F46AFCE4}.Release|Any CPU.ActiveCfg = Release|Any CPU
		{45046B07-9D35-4661-B31F-8BA7F46AFCE4}.Release|Any CPU.Build.0 = Release|Any CPU
		{C75E3EC4-6258-4CA2-9462-FA28B9283B15}.Debug|Any CPU.ActiveCfg = Debug|Any CPU
		{C75E3EC4-6258-4CA2-9462-FA28B9283B15}.Debug|Any CPU.Build.0 = Debug|Any CPU
		{C75E3EC4-6258-4CA2-9462-FA28B9283B15}.Release|Any CPU.ActiveCfg = Release|Any CPU
		{C75E3EC4-6258-4CA2-9462-FA28B9283B15}.Release|Any CPU.Build.0 = Release|Any CPU
		{337FF664-2B7C-4689-A5D1-151C665B139A}.Debug|Any CPU.ActiveCfg = Debug|Any CPU
		{337FF664-2B7C-4689-A5D1-151C665B139A}.Debug|Any CPU.Build.0 = Debug|Any CPU
		{337FF664-2B7C-4689-A5D1-151C665B139A}.Release|Any CPU.ActiveCfg = Release|Any CPU
		{337FF664-2B7C-4689-A5D1-151C665B139A}.Release|Any CPU.Build.0 = Release|Any CPU
		{3C0E382C-BBFB-4EE8-902A-194938388CCE}.Debug|Any CPU.ActiveCfg = Debug|Any CPU
		{3C0E382C-BBFB-4EE8-902A-194938388CCE}.Debug|Any CPU.Build.0 = Debug|Any CPU
		{3C0E382C-BBFB-4EE8-902A-194938388CCE}.Release|Any CPU.ActiveCfg = Release|Any CPU
		{3C0E382C-BBFB-4EE8-902A-194938388CCE}.Release|Any CPU.Build.0 = Release|Any CPU
		{EA2174C4-4126-4AF2-B6A5-FD55D912C81F}.Debug|Any CPU.ActiveCfg = Debug|Any CPU
		{EA2174C4-4126-4AF2-B6A5-FD55D912C81F}.Debug|Any CPU.Build.0 = Debug|Any CPU
		{EA2174C4-4126-4AF2-B6A5-FD55D912C81F}.Release|Any CPU.ActiveCfg = Release|Any CPU
		{EA2174C4-4126-4AF2-B6A5-FD55D912C81F}.Release|Any CPU.Build.0 = Release|Any CPU
	EndGlobalSection
	GlobalSection(SolutionProperties) = preSolution
		HideSolutionNode = FALSE
	EndGlobalSection
	GlobalSection(ExtensibilityGlobals) = postSolution
		SolutionGuid = {6D0DE87D-9C0D-4054-A258-CE02B7B3833A}
	EndGlobalSection
EndGlobal
